
Microsoft Visual Studio Solution File, Format Version 12.00
# Visual Studio Version 17
VisualStudioVersion = 17.9.34723.18
MinimumVisualStudioVersion = 10.0.40219.1
Project("{2150E333-8FDC-42A3-9474-1A3956D46DE8}") = "Services", "Services", "{C31EA478-B7E5-4F51-A2FA-A94F4B9E1637}"
EndProject
Project("{2150E333-8FDC-42A3-9474-1A3956D46DE8}") = "Catalog", "Catalog", "{8C21F231-DDC8-4649-B6ED-ACBD1E916CA0}"
EndProject
Project("{9A19103F-16F7-4668-BE54-9A1E7A4F7556}") = "Catalog.API", "Services\Catalog\Catalog.API\Catalog.API.csproj", "{1EE3756C-3859-467B-BC32-309E6523D28B}"
EndProject
Project("{E53339B2-1760-4266-BCC7-CA923CBCF16C}") = "docker-compose", "docker-compose.dcproj", "{FB95EABC-3C3A-4524-8B68-750FA83F815F}"
EndProject
Project("{2150E333-8FDC-42A3-9474-1A3956D46DE8}") = "BuildingBlocks", "BuildingBlocks", "{4071EF82-7731-46A7-B848-692A99472980}"
EndProject
Project("{9A19103F-16F7-4668-BE54-9A1E7A4F7556}") = "BuildingBlocks", "BuildingBlocks\BuildingBlocks\BuildingBlocks.csproj", "{2E4D6C9E-BD4D-49D4-B3F9-5EDDABC6688E}"
EndProject
Project("{2150E333-8FDC-42A3-9474-1A3956D46DE8}") = "Basket", "Basket", "{06D78D01-9CF7-4ED3-827C-D8C80BB52385}"
EndProject
Project("{9A19103F-16F7-4668-BE54-9A1E7A4F7556}") = "Basket.API", "Services\Basket\Basket.API\Basket.API.csproj", "{E1623374-FE1C-4AEE-A876-C89FC9ECC4ED}"
EndProject
Project("{2150E333-8FDC-42A3-9474-1A3956D46DE8}") = "Discount", "Discount", "{3585FF06-D902-4AAC-A2EA-F02A74D9125A}"
EndProject
Project("{9A19103F-16F7-4668-BE54-9A1E7A4F7556}") = "Discount.Grpc", "Services\Discount\Discount.Grpc\Discount.Grpc.csproj", "{12C06CC7-9AA4-4B0B-89B1-3C36D2918B53}"
EndProject
Project("{2150E333-8FDC-42A3-9474-1A3956D46DE8}") = "Ordering", "Ordering", "{814FDCF4-C18F-42FB-A01D-61084AA514A1}"
EndProject
Project("{FAE04EC0-301F-11D3-BF4B-00C04F79EFBC}") = "Ordering.Api", "Services\Ordering\Ordering.Api\Ordering.Api.csproj", "{D871EC54-698A-4D7D-84E8-4D04338D989F}"
EndProject
Project("{FAE04EC0-301F-11D3-BF4B-00C04F79EFBC}") = "Ordering.Domain", "Services\Ordering\Ordering.Domain\Ordering.Domain.csproj", "{D3EDC547-CC40-4FA6-90D3-9D8560DF1136}"
EndProject
Project("{FAE04EC0-301F-11D3-BF4B-00C04F79EFBC}") = "Ordering.Application", "Services\Ordering\Ordering.Application\Ordering.Application.csproj", "{C2C67532-DE6B-4251-85FC-057CB722C5A1}"
EndProject
Project("{FAE04EC0-301F-11D3-BF4B-00C04F79EFBC}") = "Ordering.Infrastructure", "Services\Ordering\Ordering.Infrastructure\Ordering.Infrastructure.csproj", "{9FC2D2AD-25FA-47F2-92DC-ADA49630CD3F}"
EndProject
Global
	GlobalSection(SolutionConfigurationPlatforms) = preSolution
		Debug|Any CPU = Debug|Any CPU
		Release|Any CPU = Release|Any CPU
	EndGlobalSection
	GlobalSection(ProjectConfigurationPlatforms) = postSolution
		{1EE3756C-3859-467B-BC32-309E6523D28B}.Debug|Any CPU.ActiveCfg = Debug|Any CPU
		{1EE3756C-3859-467B-BC32-309E6523D28B}.Debug|Any CPU.Build.0 = Debug|Any CPU
		{1EE3756C-3859-467B-BC32-309E6523D28B}.Release|Any CPU.ActiveCfg = Release|Any CPU
		{1EE3756C-3859-467B-BC32-309E6523D28B}.Release|Any CPU.Build.0 = Release|Any CPU
		{FB95EABC-3C3A-4524-8B68-750FA83F815F}.Debug|Any CPU.ActiveCfg = Debug|Any CPU
		{FB95EABC-3C3A-4524-8B68-750FA83F815F}.Debug|Any CPU.Build.0 = Debug|Any CPU
		{FB95EABC-3C3A-4524-8B68-750FA83F815F}.Release|Any CPU.ActiveCfg = Release|Any CPU
		{FB95EABC-3C3A-4524-8B68-750FA83F815F}.Release|Any CPU.Build.0 = Release|Any CPU
		{2E4D6C9E-BD4D-49D4-B3F9-5EDDABC6688E}.Debug|Any CPU.ActiveCfg = Debug|Any CPU
		{2E4D6C9E-BD4D-49D4-B3F9-5EDDABC6688E}.Debug|Any CPU.Build.0 = Debug|Any CPU
		{2E4D6C9E-BD4D-49D4-B3F9-5EDDABC6688E}.Release|Any CPU.ActiveCfg = Release|Any CPU
		{2E4D6C9E-BD4D-49D4-B3F9-5EDDABC6688E}.Release|Any CPU.Build.0 = Release|Any CPU
		{E1623374-FE1C-4AEE-A876-C89FC9ECC4ED}.Debug|Any CPU.ActiveCfg = Debug|Any CPU
		{E1623374-FE1C-4AEE-A876-C89FC9ECC4ED}.Debug|Any CPU.Build.0 = Debug|Any CPU
		{E1623374-FE1C-4AEE-A876-C89FC9ECC4ED}.Release|Any CPU.ActiveCfg = Release|Any CPU
		{E1623374-FE1C-4AEE-A876-C89FC9ECC4ED}.Release|Any CPU.Build.0 = Release|Any CPU
		{12C06CC7-9AA4-4B0B-89B1-3C36D2918B53}.Debug|Any CPU.ActiveCfg = Debug|Any CPU
		{12C06CC7-9AA4-4B0B-89B1-3C36D2918B53}.Debug|Any CPU.Build.0 = Debug|Any CPU
		{12C06CC7-9AA4-4B0B-89B1-3C36D2918B53}.Release|Any CPU.ActiveCfg = Release|Any CPU
		{12C06CC7-9AA4-4B0B-89B1-3C36D2918B53}.Release|Any CPU.Build.0 = Release|Any CPU
		{D871EC54-698A-4D7D-84E8-4D04338D989F}.Debug|Any CPU.ActiveCfg = Debug|Any CPU
		{D871EC54-698A-4D7D-84E8-4D04338D989F}.Debug|Any CPU.Build.0 = Debug|Any CPU
		{D871EC54-698A-4D7D-84E8-4D04338D989F}.Release|Any CPU.ActiveCfg = Release|Any CPU
		{D871EC54-698A-4D7D-84E8-4D04338D989F}.Release|Any CPU.Build.0 = Release|Any CPU
		{D3EDC547-CC40-4FA6-90D3-9D8560DF1136}.Debug|Any CPU.ActiveCfg = Debug|Any CPU
		{D3EDC547-CC40-4FA6-90D3-9D8560DF1136}.Debug|Any CPU.Build.0 = Debug|Any CPU
		{D3EDC547-CC40-4FA6-90D3-9D8560DF1136}.Release|Any CPU.ActiveCfg = Release|Any CPU
		{D3EDC547-CC40-4FA6-90D3-9D8560DF1136}.Release|Any CPU.Build.0 = Release|Any CPU
		{C2C67532-DE6B-4251-85FC-057CB722C5A1}.Debug|Any CPU.ActiveCfg = Debug|Any CPU
		{C2C67532-DE6B-4251-85FC-057CB722C5A1}.Debug|Any CPU.Build.0 = Debug|Any CPU
		{C2C67532-DE6B-4251-85FC-057CB722C5A1}.Release|Any CPU.ActiveCfg = Release|Any CPU
		{C2C67532-DE6B-4251-85FC-057CB722C5A1}.Release|Any CPU.Build.0 = Release|Any CPU
		{9FC2D2AD-25FA-47F2-92DC-ADA49630CD3F}.Debug|Any CPU.ActiveCfg = Debug|Any CPU
		{9FC2D2AD-25FA-47F2-92DC-ADA49630CD3F}.Debug|Any CPU.Build.0 = Debug|Any CPU
		{9FC2D2AD-25FA-47F2-92DC-ADA49630CD3F}.Release|Any CPU.ActiveCfg = Release|Any CPU
		{9FC2D2AD-25FA-47F2-92DC-ADA49630CD3F}.Release|Any CPU.Build.0 = Release|Any CPU
	EndGlobalSection
	GlobalSection(SolutionProperties) = preSolution
		HideSolutionNode = FALSE
	EndGlobalSection
	GlobalSection(NestedProjects) = preSolution
		{8C21F231-DDC8-4649-B6ED-ACBD1E916CA0} = {C31EA478-B7E5-4F51-A2FA-A94F4B9E1637}
		{1EE3756C-3859-467B-BC32-309E6523D28B} = {8C21F231-DDC8-4649-B6ED-ACBD1E916CA0}
		{2E4D6C9E-BD4D-49D4-B3F9-5EDDABC6688E} = {4071EF82-7731-46A7-B848-692A99472980}
		{06D78D01-9CF7-4ED3-827C-D8C80BB52385} = {C31EA478-B7E5-4F51-A2FA-A94F4B9E1637}
		{E1623374-FE1C-4AEE-A876-C89FC9ECC4ED} = {06D78D01-9CF7-4ED3-827C-D8C80BB52385}
		{3585FF06-D902-4AAC-A2EA-F02A74D9125A} = {C31EA478-B7E5-4F51-A2FA-A94F4B9E1637}
		{12C06CC7-9AA4-4B0B-89B1-3C36D2918B53} = {3585FF06-D902-4AAC-A2EA-F02A74D9125A}
		{814FDCF4-C18F-42FB-A01D-61084AA514A1} = {C31EA478-B7E5-4F51-A2FA-A94F4B9E1637}
		{D871EC54-698A-4D7D-84E8-4D04338D989F} = {814FDCF4-C18F-42FB-A01D-61084AA514A1}
		{D3EDC547-CC40-4FA6-90D3-9D8560DF1136} = {814FDCF4-C18F-42FB-A01D-61084AA514A1}
		{C2C67532-DE6B-4251-85FC-057CB722C5A1} = {814FDCF4-C18F-42FB-A01D-61084AA514A1}
		{9FC2D2AD-25FA-47F2-92DC-ADA49630CD3F} = {814FDCF4-C18F-42FB-A01D-61084AA514A1}
	EndGlobalSection
	GlobalSection(ExtensibilityGlobals) = postSolution
		SolutionGuid = {B563F350-4FA4-42D1-AD93-B2A64C96F262}
	EndGlobalSection
EndGlobal
